{
  "nodes": {
    "fenix": {
      "inputs": {
        "nixpkgs": [
          "nixpkgs"
        ],
        "rust-analyzer-src": "rust-analyzer-src"
      },
      "locked": {
        "lastModified": 1635747862,
        "narHash": "sha256-Y6nDsnyEglycksieGk979caz36AYCH9/d9pYI4yTd6g=",
        "owner": "nix-community",
        "repo": "fenix",
        "rev": "298aca6fd98113c3d16d8283c436cafac9269e83",
        "type": "github"
      },
      "original": {
        "owner": "nix-community",
        "repo": "fenix",
        "type": "github"
      }
    },
    "flake-utils": {
      "locked": {
        "lastModified": 1634851050,
        "narHash": "sha256-N83GlSGPJJdcqhUxSCS/WwW5pksYf3VP1M13cDRTSVA=",
        "owner": "numtide",
        "repo": "flake-utils",
        "rev": "c91f3de5adaf1de973b797ef7485e441a65b8935",
        "type": "github"
      },
      "original": {
        "owner": "numtide",
        "repo": "flake-utils",
        "type": "github"
      }
    },
    "nixpkgs": {
      "locked": {
        "lastModified": 1635781173,
        "narHash": "sha256-nTA2y2jIJiVj5RawHUNhlZUIy5J/Q2CA6YP4T1qBkLo=",
        "owner": "nixos",
        "repo": "nixpkgs",
        "rev": "7053541084bf5ce2921ef307e5585d39d7ba8b3f",
        "type": "github"
      },
      "original": {
        "owner": "nixos",
        "ref": "nixpkgs-unstable",
        "repo": "nixpkgs",
        "type": "github"
      }
    },
    "root": {
      "inputs": {
        "fenix": "fenix",
        "flake-utils": "flake-utils",
        "nixpkgs": "nixpkgs",
        "solana-src": "solana-src"
      }
    },
    "rust-analyzer-src": {
      "flake": false,
      "locked": {
        "lastModified": 1635675419,
        "narHash": "sha256-tLd3Wo4uVgGpNS8BkIlr6PZmyX7vToJyfEElr9ICV4c=",
        "owner": "rust-analyzer",
        "repo": "rust-analyzer",
        "rev": "04f03a360ab8fef3d9c0ff84de2d39b8a196c717",
        "type": "github"
      },
      "original": {
        "owner": "rust-analyzer",
        "ref": "nightly",
        "repo": "rust-analyzer",
        "type": "github"
      }
    },
    "solana-src": {
      "flake": false,
      "locked": {
        "lastModified": 1635827426,
        "narHash": "sha256-21S4khZcdMHLLagGXQrj3ET74dG6cDhknfTqO0ctUn0=",
        "owner": "solana-labs",
        "repo": "solana",
        "rev": "9ff561134dcee9a6f538dee4a64fc707daabfb15",
        "type": "github"
      },
      "original": {
        "owner": "solana-labs",
        "repo": "solana",
        "type": "github"
      }
    }
  },
  "root": "root",
  "version": 7
}
