{
  "nodes": {
    "fenix": {
      "inputs": {
        "nixpkgs": [
          "nixpkgs"
        ],
        "rust-analyzer-src": "rust-analyzer-src"
      },
      "locked": {
        "lastModified": 1637735067,
        "narHash": "sha256-8tqrQajOBFZnw5Hk4b+0HHwEiScJkRGqTGOIfxPnB1U=",
        "owner": "nix-community",
        "repo": "fenix",
        "rev": "2770607d5c7d4554221be6ebdba3b3b6767cb26a",
        "type": "github"
      },
      "original": {
        "owner": "nix-community",
        "repo": "fenix",
        "type": "github"
      }
    },
    "flake-utils": {
      "locked": {
        "lastModified": 1637014545,
        "narHash": "sha256-26IZAc5yzlD9FlDT54io1oqG/bBoyka+FJk5guaX4x4=",
        "owner": "numtide",
        "repo": "flake-utils",
        "rev": "bba5dcc8e0b20ab664967ad83d24d64cb64ec4f4",
        "type": "github"
      },
      "original": {
        "owner": "numtide",
        "repo": "flake-utils",
        "type": "github"
      }
    },
    "nixpkgs": {
      "locked": {
        "lastModified": 1637593665,
        "narHash": "sha256-R7jKS7A+0tZS8qD5pBr1UFcMiTdsw5bfoxgXbYsoWhM=",
        "owner": "nixos",
        "repo": "nixpkgs",
        "rev": "98747f27ecfee70c8c97b195cbb94df80a074dda",
        "type": "github"
      },
      "original": {
        "owner": "nixos",
        "ref": "nixpkgs-unstable",
        "repo": "nixpkgs",
        "type": "github"
      }
    },
    "root": {
      "inputs": {
        "fenix": "fenix",
        "flake-utils": "flake-utils",
        "nixpkgs": "nixpkgs",
        "solanaSrc": "solanaSrc"
      }
    },
    "rust-analyzer-src": {
      "flake": false,
      "locked": {
        "lastModified": 1637702547,
        "narHash": "sha256-rYOFWeTwvZT18PJetAMh40PMQtVlxoiRHwC9CXQGdgc=",
        "owner": "rust-analyzer",
        "repo": "rust-analyzer",
        "rev": "3e4ac8a2c9136052c6394014048095e5c2468859",
        "type": "github"
      },
      "original": {
        "owner": "rust-analyzer",
        "ref": "nightly",
        "repo": "rust-analyzer",
        "type": "github"
      }
    },
    "solanaSrc": {
      "flake": false,
      "locked": {
        "lastModified": 1637181954,
        "narHash": "sha256-CyPEwZsog9I6fwATRbf1H/RNK9aeN3Qgvo+dm8870Tc=",
        "owner": "solana-labs",
        "repo": "solana",
        "rev": "76c5c94a8a41d123b2fdd77641b353f594f597d9",
        "type": "github"
      },
      "original": {
        "owner": "solana-labs",
        "ref": "v1.8.5",
        "repo": "solana",
        "type": "github"
      }
    }
  },
  "root": "root",
  "version": 7
}
