{
  "nodes": {
    "fenix": {
      "inputs": {
        "nixpkgs": [
          "nixpkgs"
        ],
        "rust-analyzer-src": "rust-analyzer-src"
      },
      "locked": {
        "lastModified": 1654669569,
        "narHash": "sha256-CSP6T1zAUwAAOiDknJMqOSkFBitjXiIaKzhByTbmVx8=",
        "owner": "nix-community",
        "repo": "fenix",
        "rev": "02664b6e639f0461e9f03e85707326029776341e",
        "type": "github"
      },
      "original": {
        "owner": "nix-community",
        "repo": "fenix",
        "type": "github"
      }
    },
    "flake-utils": {
      "locked": {
        "lastModified": 1653893745,
        "narHash": "sha256-0jntwV3Z8//YwuOjzhV2sgJJPt+HY6KhU7VZUL0fKZQ=",
        "owner": "numtide",
        "repo": "flake-utils",
        "rev": "1ed9fb1935d260de5fe1c2f7ee0ebaae17ed2fa1",
        "type": "github"
      },
      "original": {
        "owner": "numtide",
        "repo": "flake-utils",
        "type": "github"
      }
    },
    "nixpkgs": {
      "locked": {
        "lastModified": 1654568412,
        "narHash": "sha256-BZkGyX62PyB8fzFHOcjGBJTWGb+PQ28lEbZEUR2x9JM=",
        "owner": "nixos",
        "repo": "nixpkgs",
        "rev": "d23be02c22add83d28588ac164dcbac733305b04",
        "type": "github"
      },
      "original": {
        "owner": "nixos",
        "ref": "nixpkgs-unstable",
        "repo": "nixpkgs",
        "type": "github"
      }
    },
    "root": {
      "inputs": {
        "fenix": "fenix",
        "flake-utils": "flake-utils",
        "nixpkgs": "nixpkgs",
        "solanaSrc": "solanaSrc"
      }
    },
    "rust-analyzer-src": {
      "flake": false,
      "locked": {
        "lastModified": 1654598816,
        "narHash": "sha256-xecNom9kI3c1Z1sjNzm71MyQUwiK7CBxjx+1jO10mgY=",
        "owner": "rust-lang",
        "repo": "rust-analyzer",
        "rev": "66a842124b52cb005e9dee4605df161badb295e0",
        "type": "github"
      },
      "original": {
        "owner": "rust-lang",
        "ref": "nightly",
        "repo": "rust-analyzer",
        "type": "github"
      }
    },
    "solanaSrc": {
      "flake": false,
      "locked": {
        "lastModified": 1654551179,
        "narHash": "sha256-WaicmMg9SLUj5KqkgqNWr6WaZJAGFR4GOT8Fj/s1KsI=",
        "owner": "solana-labs",
        "repo": "solana",
        "rev": "15456493b4161ca0c673995f3cd0c69b815a945a",
        "type": "github"
      },
      "original": {
        "owner": "solana-labs",
        "ref": "v1.10.24",
        "repo": "solana",
        "type": "github"
      }
    }
  },
  "root": "root",
  "version": 7
}
